
Microsoft Visual Studio Solution File, Format Version 12.00
# Visual Studio Version 17
VisualStudioVersion = 17.3.32922.545
MinimumVisualStudioVersion = 10.0.40219.1
Project("{9A19103F-16F7-4668-BE54-9A1E7A4F7556}") = "BackendAPI", "BackendAPI.csproj", "{C45D2D3F-75C2-4222-B7BF-AFF0AEF85855}"
EndProject
Project("{9A19103F-16F7-4668-BE54-9A1E7A4F7556}") = "DataAccess", "..\DataAccess\DataAccess.csproj", "{6291A5A9-FAD4-498E-AB5C-2420188FA646}"
EndProject
Project("{9A19103F-16F7-4668-BE54-9A1E7A4F7556}") = "Domain", "..\Domain\Domain.csproj", "{B0855D88-3894-4BFA-99C0-3C2AFCEFDC5D}"
EndProject
Project("{9A19103F-16F7-4668-BE54-9A1E7A4F7556}") = "BusinessLogic", "..\BusinessLogic\BusinessLogic.csproj", "{D2DB8CFB-047C-484D-B038-1B42E19DBAA5}"
EndProject
Project("{2150E333-8FDC-42A3-9474-1A3956D46DE8}") = "Solution Items", "Solution Items", "{8B2DA97A-0262-42FF-B293-4AEA1E5A0D90}"
	ProjectSection(SolutionItems) = preProject
		..\.editorconfig = ..\.editorconfig
	EndProjectSection
EndProject
Global
	GlobalSection(SolutionConfigurationPlatforms) = preSolution
		Debug|Any CPU = Debug|Any CPU
		Release|Any CPU = Release|Any CPU
	EndGlobalSection
	GlobalSection(ProjectConfigurationPlatforms) = postSolution
		{C45D2D3F-75C2-4222-B7BF-AFF0AEF85855}.Debug|Any CPU.ActiveCfg = Debug|Any CPU
		{C45D2D3F-75C2-4222-B7BF-AFF0AEF85855}.Debug|Any CPU.Build.0 = Debug|Any CPU
		{C45D2D3F-75C2-4222-B7BF-AFF0AEF85855}.Release|Any CPU.ActiveCfg = Release|Any CPU
		{C45D2D3F-75C2-4222-B7BF-AFF0AEF85855}.Release|Any CPU.Build.0 = Release|Any CPU
		{6291A5A9-FAD4-498E-AB5C-2420188FA646}.Debug|Any CPU.ActiveCfg = Debug|Any CPU
		{6291A5A9-FAD4-498E-AB5C-2420188FA646}.Debug|Any CPU.Build.0 = Debug|Any CPU
		{6291A5A9-FAD4-498E-AB5C-2420188FA646}.Release|Any CPU.ActiveCfg = Release|Any CPU
		{6291A5A9-FAD4-498E-AB5C-2420188FA646}.Release|Any CPU.Build.0 = Release|Any CPU
		{B0855D88-3894-4BFA-99C0-3C2AFCEFDC5D}.Debug|Any CPU.ActiveCfg = Debug|Any CPU
		{B0855D88-3894-4BFA-99C0-3C2AFCEFDC5D}.Debug|Any CPU.Build.0 = Debug|Any CPU
		{B0855D88-3894-4BFA-99C0-3C2AFCEFDC5D}.Release|Any CPU.ActiveCfg = Release|Any CPU
		{B0855D88-3894-4BFA-99C0-3C2AFCEFDC5D}.Release|Any CPU.Build.0 = Release|Any CPU
		{D2DB8CFB-047C-484D-B038-1B42E19DBAA5}.Debug|Any CPU.ActiveCfg = Debug|Any CPU
		{D2DB8CFB-047C-484D-B038-1B42E19DBAA5}.Debug|Any CPU.Build.0 = Debug|Any CPU
		{D2DB8CFB-047C-484D-B038-1B42E19DBAA5}.Release|Any CPU.ActiveCfg = Release|Any CPU
		{D2DB8CFB-047C-484D-B038-1B42E19DBAA5}.Release|Any CPU.Build.0 = Release|Any CPU
	EndGlobalSection
	GlobalSection(SolutionProperties) = preSolution
		HideSolutionNode = FALSE
	EndGlobalSection
	GlobalSection(ExtensibilityGlobals) = postSolution
		SolutionGuid = {0208BC64-8D4A-4113-BEAA-52C17ABE0AD3}
	EndGlobalSection
EndGlobal
